{
  "name": "pinyin-bot-core",
  "version": "1.0.0",
  "lockfileVersion": 1,
  "dependencies": {
    "find-hanzi": {
      "version": "1.0.8",
      "resolved": "https://registry.npmjs.org/find-hanzi/-/find-hanzi-1.0.8.tgz",
      "integrity": "sha512-TJOccHXE0tA3NCBV/g3VKV2/ctvhBTUK0cRQGzejyqa9TR4M7uKlDyy+uvPAxC6XXXIjwtcKPahcCj5SswlYdw=="
    },
    "hanzi-to-pinyin": {
      "version": "1.0.4",
      "resolved": "https://registry.npmjs.org/hanzi-to-pinyin/-/hanzi-to-pinyin-1.0.4.tgz",
      "integrity": "sha1-JWWbfkpc5YF8PeZcnV6PbwmufsU="
    },
    "hsk-words": {
      "version": "github:pepebecker/hsk-words#14d7892ae38f77e767ed423d17cee160d3c4d244"
    },
    "pinyin-convert": {
      "version": "1.0.4",
      "resolved": "https://registry.npmjs.org/pinyin-convert/-/pinyin-convert-1.0.4.tgz",
      "integrity": "sha1-oa7c4CSq4l4tXAEmE/Mkdr6yVp0="
    },
    "pinyin-or-hanzi": {
      "version": "1.0.3",
      "resolved": "https://registry.npmjs.org/pinyin-or-hanzi/-/pinyin-or-hanzi-1.0.3.tgz",
      "integrity": "sha1-V69fsEHbQVgOnfDSICC9IIs3qTI="
    },
    "pinyin-split": {
      "version": "1.0.5",
      "resolved": "https://registry.npmjs.org/pinyin-split/-/pinyin-split-1.0.5.tgz",
      "integrity": "sha1-GNfyYAtN4WF10fIEdP+Y7VZqQZ4="
    },
    "pinyin-utils": {
      "version": "1.0.3",
      "resolved": "https://registry.npmjs.org/pinyin-utils/-/pinyin-utils-1.0.3.tgz",
      "integrity": "sha1-c4DrPcB7tvbGjjHAO9yJih7+dj0="
    },
    "so": {
      "version": "1.0.1",
      "resolved": "https://registry.npmjs.org/so/-/so-1.0.1.tgz",
      "integrity": "sha1-inkaBsgjwJCIUbttxlt1gxhbrfE="
    }
  }
}
